
Microsoft Visual Studio Solution File, Format Version 12.00
# Visual Studio Version 17
VisualStudioVersion = 17.7.34009.444
MinimumVisualStudioVersion = 10.0.40219.1
Project("{9A19103F-16F7-4668-BE54-9A1E7A4F7556}") = "E-Commerce 2", "E-Commerce 2.csproj", "{C8FF3140-6EDC-4D08-9CCB-DB054B7A86B5}"
EndProject
Global
	GlobalSection(SolutionConfigurationPlatforms) = preSolution
		Debug|Any CPU = Debug|Any CPU
		Release|Any CPU = Release|Any CPU
	EndGlobalSection
	GlobalSection(ProjectConfigurationPlatforms) = postSolution
		{C8FF3140-6EDC-4D08-9CCB-DB054B7A86B5}.Debug|Any CPU.ActiveCfg = Debug|Any CPU
		{C8FF3140-6EDC-4D08-9CCB-DB054B7A86B5}.Debug|Any CPU.Build.0 = Debug|Any CPU
		{C8FF3140-6EDC-4D08-9CCB-DB054B7A86B5}.Release|Any CPU.ActiveCfg = Release|Any CPU
		{C8FF3140-6EDC-4D08-9CCB-DB054B7A86B5}.Release|Any CPU.Build.0 = Release|Any CPU
	EndGlobalSection
	GlobalSection(SolutionProperties) = preSolution
		HideSolutionNode = FALSE
	EndGlobalSection
	GlobalSection(ExtensibilityGlobals) = postSolution
		SolutionGuid = {A8EB1305-F8AA-4194-A6CE-9414C246AD57}
	EndGlobalSection
EndGlobal
